// !$*UTF8*$!
{
	archiveVersion = 1;
	classes = {
	};
	objectVersion = 46;
	objects = {

/* Begin PBXBuildFile section */
		D84B78AC17F5E2D200D5F34D /* Application.xcassets in Resources */ = {isa = PBXBuildFile; fileRef = D84B78AB17F5E2D200D5F34D /* Application.xcassets */; };
		D850ADE71806A16000A83764 /* Main.storyboard in Resources */ = {isa = PBXBuildFile; fileRef = D850ADE61806A16000A83764 /* Main.storyboard */; };
		D883194317EC8D4000FCCF19 /* main.m in Sources */ = {isa = PBXBuildFile; fileRef = D883193017EC8D4000FCCF19 /* main.m */; };
		D883194617EC8D4000FCCF19 /* VYAppDelegate.m in Sources */ = {isa = PBXBuildFile; fileRef = D883193917EC8D4000FCCF19 /* VYAppDelegate.m */; };
		D883194717EC8D4000FCCF19 /* VYStateView.m in Sources */ = {isa = PBXBuildFile; fileRef = D883193C17EC8D4000FCCF19 /* VYStateView.m */; };
		D883194817EC8D4000FCCF19 /* VYStateViewController.m in Sources */ = {isa = PBXBuildFile; fileRef = D883193F17EC8D4000FCCF19 /* VYStateViewController.m */; };
		D883195517EC99A900FCCF19 /* VYStateViewTests.m in Sources */ = {isa = PBXBuildFile; fileRef = D883195317EC99A900FCCF19 /* VYStateViewTests.m */; };
		D883195A17EC9AD700FCCF19 /* VYStateView.xcassets in Resources */ = {isa = PBXBuildFile; fileRef = D883195917EC9AD700FCCF19 /* VYStateView.xcassets */; };
		D8D00D12153825BF000E4A7B /* UIKit.framework in Frameworks */ = {isa = PBXBuildFile; fileRef = D8D00D11153825BF000E4A7B /* UIKit.framework */; };
		D8D00D14153825BF000E4A7B /* Foundation.framework in Frameworks */ = {isa = PBXBuildFile; fileRef = D8D00D13153825BF000E4A7B /* Foundation.framework */; };
		D8D00D16153825BF000E4A7B /* CoreGraphics.framework in Frameworks */ = {isa = PBXBuildFile; fileRef = D8D00D15153825BF000E4A7B /* CoreGraphics.framework */; };
		D8D00D2B153825BF000E4A7B /* UIKit.framework in Frameworks */ = {isa = PBXBuildFile; fileRef = D8D00D11153825BF000E4A7B /* UIKit.framework */; };
		D8D00D2C153825BF000E4A7B /* Foundation.framework in Frameworks */ = {isa = PBXBuildFile; fileRef = D8D00D13153825BF000E4A7B /* Foundation.framework */; };
/* End PBXBuildFile section */

/* Begin PBXContainerItemProxy section */
		D8D00D2D153825BF000E4A7B /* PBXContainerItemProxy */ = {
			isa = PBXContainerItemProxy;
			containerPortal = D8D00D04153825BF000E4A7B /* Project object */;
			proxyType = 1;
			remoteGlobalIDString = D8D00D0C153825BF000E4A7B;
			remoteInfo = State;
		};
/* End PBXContainerItemProxy section */

/* Begin PBXFileReference section */
		D84B78AB17F5E2D200D5F34D /* Application.xcassets */ = {isa = PBXFileReference; lastKnownFileType = folder.assetcatalog; path = Application.xcassets; sourceTree = "<group>"; };
		D850ADE61806A16000A83764 /* Main.storyboard */ = {isa = PBXFileReference; fileEncoding = 4; lastKnownFileType = file.storyboard; path = Main.storyboard; sourceTree = "<group>"; };
		D883193017EC8D4000FCCF19 /* main.m */ = {isa = PBXFileReference; fileEncoding = 4; lastKnownFileType = sourcecode.c.objc; path = main.m; sourceTree = "<group>"; };
		D883193817EC8D4000FCCF19 /* VYAppDelegate.h */ = {isa = PBXFileReference; fileEncoding = 4; lastKnownFileType = sourcecode.c.h; path = VYAppDelegate.h; sourceTree = "<group>"; };
		D883193917EC8D4000FCCF19 /* VYAppDelegate.m */ = {isa = PBXFileReference; fileEncoding = 4; lastKnownFileType = sourcecode.c.objc; path = VYAppDelegate.m; sourceTree = "<group>"; };
		D883193B17EC8D4000FCCF19 /* VYStateView.h */ = {isa = PBXFileReference; fileEncoding = 4; lastKnownFileType = sourcecode.c.h; path = VYStateView.h; sourceTree = "<group>"; };
		D883193C17EC8D4000FCCF19 /* VYStateView.m */ = {isa = PBXFileReference; fileEncoding = 4; lastKnownFileType = sourcecode.c.objc; path = VYStateView.m; sourceTree = "<group>"; };
		D883193E17EC8D4000FCCF19 /* VYStateViewController.h */ = {isa = PBXFileReference; fileEncoding = 4; lastKnownFileType = sourcecode.c.h; path = VYStateViewController.h; sourceTree = "<group>"; };
		D883193F17EC8D4000FCCF19 /* VYStateViewController.m */ = {isa = PBXFileReference; fileEncoding = 4; lastKnownFileType = sourcecode.c.objc; path = VYStateViewController.m; sourceTree = "<group>"; };
		D883194117EC8D4000FCCF19 /* VYStateView-Info.plist */ = {isa = PBXFileReference; fileEncoding = 4; lastKnownFileType = text.plist.xml; path = "VYStateView-Info.plist"; sourceTree = "<group>"; };
		D883194217EC8D4000FCCF19 /* VYStateView-Prefix.pch */ = {isa = PBXFileReference; fileEncoding = 4; lastKnownFileType = sourcecode.c.h; path = "VYStateView-Prefix.pch"; sourceTree = "<group>"; };
		D883194C17EC8EDD00FCCF19 /* VYConfig-Common.xcconfig */ = {isa = PBXFileReference; lastKnownFileType = text.xcconfig; path = "VYConfig-Common.xcconfig"; sourceTree = "<group>"; };
		D883194D17EC95F400FCCF19 /* VYConfig-Release.xcconfig */ = {isa = PBXFileReference; lastKnownFileType = text.xcconfig; path = "VYConfig-Release.xcconfig"; sourceTree = "<group>"; };
		D883194E17EC960D00FCCF19 /* VYConfig-Debug.xcconfig */ = {isa = PBXFileReference; lastKnownFileType = text.xcconfig; path = "VYConfig-Debug.xcconfig"; sourceTree = "<group>"; };
		D883194F17EC965A00FCCF19 /* VYStateView-Config.xcconfig */ = {isa = PBXFileReference; lastKnownFileType = text.xcconfig; path = "VYStateView-Config.xcconfig"; sourceTree = "<group>"; };
		D883195017EC98C500FCCF19 /* VYStateViewTests-Config.xcconfig */ = {isa = PBXFileReference; lastKnownFileType = text.xcconfig; path = "VYStateViewTests-Config.xcconfig"; sourceTree = "<group>"; };
		D883195217EC99A900FCCF19 /* VYStateViewTests.h */ = {isa = PBXFileReference; fileEncoding = 4; lastKnownFileType = sourcecode.c.h; path = VYStateViewTests.h; sourceTree = "<group>"; };
		D883195317EC99A900FCCF19 /* VYStateViewTests.m */ = {isa = PBXFileReference; fileEncoding = 4; lastKnownFileType = sourcecode.c.objc; path = VYStateViewTests.m; sourceTree = "<group>"; };
		D883195417EC99A900FCCF19 /* VYStateViewTests-Info.plist */ = {isa = PBXFileReference; fileEncoding = 4; lastKnownFileType = text.plist.xml; path = "VYStateViewTests-Info.plist"; sourceTree = "<group>"; };
		D883195917EC9AD700FCCF19 /* VYStateView.xcassets */ = {isa = PBXFileReference; lastKnownFileType = folder.assetcatalog; path = VYStateView.xcassets; sourceTree = "<group>"; };
		D8D00D0D153825BF000E4A7B /* VYStateView.app */ = {isa = PBXFileReference; explicitFileType = wrapper.application; includeInIndex = 0; path = VYStateView.app; sourceTree = BUILT_PRODUCTS_DIR; };
		D8D00D11153825BF000E4A7B /* UIKit.framework */ = {isa = PBXFileReference; lastKnownFileType = wrapper.framework; name = UIKit.framework; path = System/Library/Frameworks/UIKit.framework; sourceTree = SDKROOT; };
		D8D00D13153825BF000E4A7B /* Foundation.framework */ = {isa = PBXFileReference; lastKnownFileType = wrapper.framework; name = Foundation.framework; path = System/Library/Frameworks/Foundation.framework; sourceTree = SDKROOT; };
		D8D00D15153825BF000E4A7B /* CoreGraphics.framework */ = {isa = PBXFileReference; lastKnownFileType = wrapper.framework; name = CoreGraphics.framework; path = System/Library/Frameworks/CoreGraphics.framework; sourceTree = SDKROOT; };
		D8D00D28153825BF000E4A7B /* VYStateViewTests.xctest */ = {isa = PBXFileReference; explicitFileType = wrapper.cfbundle; includeInIndex = 0; path = VYStateViewTests.xctest; sourceTree = BUILT_PRODUCTS_DIR; };
/* End PBXFileReference section */

/* Begin PBXFrameworksBuildPhase section */
		D8D00D0A153825BF000E4A7B /* Frameworks */ = {
			isa = PBXFrameworksBuildPhase;
			buildActionMask = 2147483647;
			files = (
				D8D00D16153825BF000E4A7B /* CoreGraphics.framework in Frameworks */,
				D8D00D14153825BF000E4A7B /* Foundation.framework in Frameworks */,
				D8D00D12153825BF000E4A7B /* UIKit.framework in Frameworks */,
			);
			runOnlyForDeploymentPostprocessing = 0;
		};
		D8D00D24153825BF000E4A7B /* Frameworks */ = {
			isa = PBXFrameworksBuildPhase;
			buildActionMask = 2147483647;
			files = (
				D8D00D2B153825BF000E4A7B /* UIKit.framework in Frameworks */,
				D8D00D2C153825BF000E4A7B /* Foundation.framework in Frameworks */,
			);
			runOnlyForDeploymentPostprocessing = 0;
		};
/* End PBXFrameworksBuildPhase section */

/* Begin PBXGroup section */
		D850AD691806A0DB00A83764 /* Storyboards */ = {
			isa = PBXGroup;
			children = (
				D850ADE61806A16000A83764 /* Main.storyboard */,
			);
			path = Storyboards;
			sourceTree = "<group>";
		};
		D883192E17EC8D4000FCCF19 /* VYStateView */ = {
			isa = PBXGroup;
			children = (
				D883192F17EC8D4000FCCF19 /* Configurations */,
				D883193117EC8D4000FCCF19 /* Resources */,
				D883193617EC8D4000FCCF19 /* Sources */,
				D883194B17EC8D5A00FCCF19 /* Supporting Files */,
			);
			path = VYStateView;
			sourceTree = "<group>";
		};
		D883192F17EC8D4000FCCF19 /* Configurations */ = {
			isa = PBXGroup;
			children = (
				D883194C17EC8EDD00FCCF19 /* VYConfig-Common.xcconfig */,
				D883194E17EC960D00FCCF19 /* VYConfig-Debug.xcconfig */,
				D883194D17EC95F400FCCF19 /* VYConfig-Release.xcconfig */,
				D883194F17EC965A00FCCF19 /* VYStateView-Config.xcconfig */,
				D883195017EC98C500FCCF19 /* VYStateViewTests-Config.xcconfig */,
			);
			path = Configurations;
			sourceTree = "<group>";
		};
		D883193117EC8D4000FCCF19 /* Resources */ = {
			isa = PBXGroup;
			children = (
				D883195817EC9AB800FCCF19 /* AssetCatalogs */,
				D850AD691806A0DB00A83764 /* Storyboards */,
			);
			path = Resources;
			sourceTree = "<group>";
		};
		D883193617EC8D4000FCCF19 /* Sources */ = {
			isa = PBXGroup;
			children = (
				D883193717EC8D4000FCCF19 /* AppDelegate */,
				D883193A17EC8D4000FCCF19 /* StateView */,
				D883193D17EC8D4000FCCF19 /* StateViewController */,
			);
			path = Sources;
			sourceTree = "<group>";
		};
		D883193717EC8D4000FCCF19 /* AppDelegate */ = {
			isa = PBXGroup;
			children = (
				D883193817EC8D4000FCCF19 /* VYAppDelegate.h */,
				D883193917EC8D4000FCCF19 /* VYAppDelegate.m */,
			);
			path = AppDelegate;
			sourceTree = "<group>";
		};
		D883193A17EC8D4000FCCF19 /* StateView */ = {
			isa = PBXGroup;
			children = (
				D883193B17EC8D4000FCCF19 /* VYStateView.h */,
				D883193C17EC8D4000FCCF19 /* VYStateView.m */,
			);
			path = StateView;
			sourceTree = "<group>";
		};
		D883193D17EC8D4000FCCF19 /* StateViewController */ = {
			isa = PBXGroup;
			children = (
				D883193E17EC8D4000FCCF19 /* VYStateViewController.h */,
				D883193F17EC8D4000FCCF19 /* VYStateViewController.m */,
			);
			path = StateViewController;
			sourceTree = "<group>";
		};
		D883194B17EC8D5A00FCCF19 /* Supporting Files */ = {
			isa = PBXGroup;
			children = (
				D883193017EC8D4000FCCF19 /* main.m */,
				D883194117EC8D4000FCCF19 /* VYStateView-Info.plist */,
				D883194217EC8D4000FCCF19 /* VYStateView-Prefix.pch */,
			);
			name = "Supporting Files";
			sourceTree = "<group>";
		};
		D883195117EC99A900FCCF19 /* VYStateViewTests */ = {
			isa = PBXGroup;
			children = (
				D883195717EC99B400FCCF19 /* Supporting Files */,
				D883195217EC99A900FCCF19 /* VYStateViewTests.h */,
				D883195317EC99A900FCCF19 /* VYStateViewTests.m */,
			);
			path = VYStateViewTests;
			sourceTree = "<group>";
		};
		D883195717EC99B400FCCF19 /* Supporting Files */ = {
			isa = PBXGroup;
			children = (
				D883195417EC99A900FCCF19 /* VYStateViewTests-Info.plist */,
			);
			name = "Supporting Files";
			sourceTree = "<group>";
		};
		D883195817EC9AB800FCCF19 /* AssetCatalogs */ = {
			isa = PBXGroup;
			children = (
				D84B78AB17F5E2D200D5F34D /* Application.xcassets */,
				D883195917EC9AD700FCCF19 /* VYStateView.xcassets */,
			);
			path = AssetCatalogs;
			sourceTree = "<group>";
		};
		D8D00D02153825BF000E4A7B = {
			isa = PBXGroup;
			children = (
				D883192E17EC8D4000FCCF19 /* VYStateView */,
				D883195117EC99A900FCCF19 /* VYStateViewTests */,
				D8D00D10153825BF000E4A7B /* Frameworks */,
				D8D00D0E153825BF000E4A7B /* Products */,
			);
			sourceTree = "<group>";
		};
		D8D00D0E153825BF000E4A7B /* Products */ = {
			isa = PBXGroup;
			children = (
				D8D00D0D153825BF000E4A7B /* VYStateView.app */,
				D8D00D28153825BF000E4A7B /* VYStateViewTests.xctest */,
			);
			name = Products;
			sourceTree = "<group>";
		};
		D8D00D10153825BF000E4A7B /* Frameworks */ = {
			isa = PBXGroup;
			children = (
				D8D00D11153825BF000E4A7B /* UIKit.framework */,
				D8D00D13153825BF000E4A7B /* Foundation.framework */,
				D8D00D15153825BF000E4A7B /* CoreGraphics.framework */,
			);
			name = Frameworks;
			sourceTree = "<group>";
		};
/* End PBXGroup section */

/* Begin PBXNativeTarget section */
		D8D00D0C153825BF000E4A7B /* VYStateView */ = {
			isa = PBXNativeTarget;
			buildConfigurationList = D8D00D3A153825BF000E4A7B /* Build configuration list for PBXNativeTarget "VYStateView" */;
			buildPhases = (
				D8D00D09153825BF000E4A7B /* Sources */,
				D8D00D0A153825BF000E4A7B /* Frameworks */,
				D8D00D0B153825BF000E4A7B /* Resources */,
			);
			buildRules = (
			);
			dependencies = (
			);
			name = VYStateView;
			productName = State;
			productReference = D8D00D0D153825BF000E4A7B /* VYStateView.app */;
			productType = "com.apple.product-type.application";
		};
		D8D00D27153825BF000E4A7B /* VYStateViewTests */ = {
			isa = PBXNativeTarget;
			buildConfigurationList = D8D00D3D153825BF000E4A7B /* Build configuration list for PBXNativeTarget "VYStateViewTests" */;
			buildPhases = (
				D8D00D23153825BF000E4A7B /* Sources */,
				D8D00D24153825BF000E4A7B /* Frameworks */,
				D8D00D25153825BF000E4A7B /* Resources */,
				D8D00D26153825BF000E4A7B /* ShellScript */,
			);
			buildRules = (
			);
			dependencies = (
				D8D00D2E153825BF000E4A7B /* PBXTargetDependency */,
			);
			name = VYStateViewTests;
			productName = StateTests;
			productReference = D8D00D28153825BF000E4A7B /* VYStateViewTests.xctest */;
			productType = "com.apple.product-type.bundle.unit-test";
		};
/* End PBXNativeTarget section */

/* Begin PBXProject section */
		D8D00D04153825BF000E4A7B /* Project object */ = {
			isa = PBXProject;
			attributes = {
				CLASSPREFIX = VY;
				LastUpgradeCheck = 0430;
				ORGANIZATIONNAME = "Vitaly Yurchenko";
			};
			buildConfigurationList = D8D00D07153825BF000E4A7B /* Build configuration list for PBXProject "VYStateView" */;
			compatibilityVersion = "Xcode 3.2";
			developmentRegion = English;
			hasScannedForEncodings = 0;
			knownRegions = (
				en,
			);
			mainGroup = D8D00D02153825BF000E4A7B;
			productRefGroup = D8D00D0E153825BF000E4A7B /* Products */;
			projectDirPath = "";
			projectRoot = "";
			targets = (
				D8D00D0C153825BF000E4A7B /* VYStateView */,
				D8D00D27153825BF000E4A7B /* VYStateViewTests */,
			);
		};
/* End PBXProject section */

/* Begin PBXResourcesBuildPhase section */
		D8D00D0B153825BF000E4A7B /* Resources */ = {
			isa = PBXResourcesBuildPhase;
			buildActionMask = 2147483647;
			files = (
				D84B78AC17F5E2D200D5F34D /* Application.xcassets in Resources */,
				D883195A17EC9AD700FCCF19 /* VYStateView.xcassets in Resources */,
				D850ADE71806A16000A83764 /* Main.storyboard in Resources */,
			);
			runOnlyForDeploymentPostprocessing = 0;
		};
		D8D00D25153825BF000E4A7B /* Resources */ = {
			isa = PBXResourcesBuildPhase;
			buildActionMask = 2147483647;
			files = (
			);
			runOnlyForDeploymentPostprocessing = 0;
		};
/* End PBXResourcesBuildPhase section */

/* Begin PBXShellScriptBuildPhase section */
		D8D00D26153825BF000E4A7B /* ShellScript */ = {
			isa = PBXShellScriptBuildPhase;
			buildActionMask = 2147483647;
			files = (
			);
			inputPaths = (
			);
			outputPaths = (
			);
			runOnlyForDeploymentPostprocessing = 0;
			shellPath = /bin/sh;
			shellScript = "# Run the unit tests in this test bundle.\n\"${SYSTEM_DEVELOPER_DIR}/Tools/RunUnitTests\"\n";
		};
/* End PBXShellScriptBuildPhase section */

/* Begin PBXSourcesBuildPhase section */
		D8D00D09153825BF000E4A7B /* Sources */ = {
			isa = PBXSourcesBuildPhase;
			buildActionMask = 2147483647;
			files = (
				D883194317EC8D4000FCCF19 /* main.m in Sources */,
				D883194817EC8D4000FCCF19 /* VYStateViewController.m in Sources */,
				D883194617EC8D4000FCCF19 /* VYAppDelegate.m in Sources */,
				D883194717EC8D4000FCCF19 /* VYStateView.m in Sources */,
			);
			runOnlyForDeploymentPostprocessing = 0;
		};
		D8D00D23153825BF000E4A7B /* Sources */ = {
			isa = PBXSourcesBuildPhase;
			buildActionMask = 2147483647;
			files = (
				D883195517EC99A900FCCF19 /* VYStateViewTests.m in Sources */,
			);
			runOnlyForDeploymentPostprocessing = 0;
		};
/* End PBXSourcesBuildPhase section */

/* Begin PBXTargetDependency section */
		D8D00D2E153825BF000E4A7B /* PBXTargetDependency */ = {
			isa = PBXTargetDependency;
			target = D8D00D0C153825BF000E4A7B /* VYStateView */;
			targetProxy = D8D00D2D153825BF000E4A7B /* PBXContainerItemProxy */;
		};
/* End PBXTargetDependency section */

/* Begin XCBuildConfiguration section */
		D8D00D38153825BF000E4A7B /* Debug */ = {
			isa = XCBuildConfiguration;
			baseConfigurationReference = D883194E17EC960D00FCCF19 /* VYConfig-Debug.xcconfig */;
			buildSettings = {
			};
			name = Debug;
		};
		D8D00D39153825BF000E4A7B /* Release */ = {
			isa = XCBuildConfiguration;
			baseConfigurationReference = D883194D17EC95F400FCCF19 /* VYConfig-Release.xcconfig */;
			buildSettings = {
			};
			name = Release;
		};
		D8D00D3B153825BF000E4A7B /* Debug */ = {
			isa = XCBuildConfiguration;
			baseConfigurationReference = D883194F17EC965A00FCCF19 /* VYStateView-Config.xcconfig */;
			buildSettings = {
			};
			name = Debug;
		};
		D8D00D3C153825BF000E4A7B /* Release */ = {
			isa = XCBuildConfiguration;
			baseConfigurationReference = D883194F17EC965A00FCCF19 /* VYStateView-Config.xcconfig */;
			buildSettings = {
			};
			name = Release;
		};
		D8D00D3E153825BF000E4A7B /* Debug */ = {
			isa = XCBuildConfiguration;
			baseConfigurationReference = D883195017EC98C500FCCF19 /* VYStateViewTests-Config.xcconfig */;
			buildSettings = {
			};
			name = Debug;
		};
		D8D00D3F153825BF000E4A7B /* Release */ = {
			isa = XCBuildConfiguration;
			baseConfigurationReference = D883195017EC98C500FCCF19 /* VYStateViewTests-Config.xcconfig */;
			buildSettings = {
			};
			name = Release;
		};
/* End XCBuildConfiguration section */

/* Begin XCConfigurationList section */
		D8D00D07153825BF000E4A7B /* Build configuration list for PBXProject "VYStateView" */ = {
			isa = XCConfigurationList;
			buildConfigurations = (
				D8D00D38153825BF000E4A7B /* Debug */,
				D8D00D39153825BF000E4A7B /* Release */,
			);
			defaultConfigurationIsVisible = 0;
			defaultConfigurationName = Release;
		};
		D8D00D3A153825BF000E4A7B /* Build configuration list for PBXNativeTarget "VYStateView" */ = {
			isa = XCConfigurationList;
			buildConfigurations = (
				D8D00D3B153825BF000E4A7B /* Debug */,
				D8D00D3C153825BF000E4A7B /* Release */,
			);
			defaultConfigurationIsVisible = 0;
			defaultConfigurationName = Release;
		};
		D8D00D3D153825BF000E4A7B /* Build configuration list for PBXNativeTarget "VYStateViewTests" */ = {
			isa = XCConfigurationList;
			buildConfigurations = (
				D8D00D3E153825BF000E4A7B /* Debug */,
				D8D00D3F153825BF000E4A7B /* Release */,
			);
			defaultConfigurationIsVisible = 0;
			defaultConfigurationName = Release;
		};
/* End XCConfigurationList section */
	};
	rootObject = D8D00D04153825BF000E4A7B /* Project object */;
}
