// !$*UTF8*$!
{
	archiveVersion = 1;
	classes = {
	};
	objectVersion = 46;
	objects = {

/* Begin PBXBuildFile section */
		D8D00D12153825BF000E4A7B /* UIKit.framework in Frameworks */ = {isa = PBXBuildFile; fileRef = D8D00D11153825BF000E4A7B /* UIKit.framework */; };
		D8D00D14153825BF000E4A7B /* Foundation.framework in Frameworks */ = {isa = PBXBuildFile; fileRef = D8D00D13153825BF000E4A7B /* Foundation.framework */; };
		D8D00D16153825BF000E4A7B /* CoreGraphics.framework in Frameworks */ = {isa = PBXBuildFile; fileRef = D8D00D15153825BF000E4A7B /* CoreGraphics.framework */; };
		D8D00D1E153825BF000E4A7B /* main.m in Sources */ = {isa = PBXBuildFile; fileRef = D8D00D1D153825BF000E4A7B /* main.m */; };
		D8D00D2A153825BF000E4A7B /* SenTestingKit.framework in Frameworks */ = {isa = PBXBuildFile; fileRef = D8D00D29153825BF000E4A7B /* SenTestingKit.framework */; };
		D8D00D2B153825BF000E4A7B /* UIKit.framework in Frameworks */ = {isa = PBXBuildFile; fileRef = D8D00D11153825BF000E4A7B /* UIKit.framework */; };
		D8D00D2C153825BF000E4A7B /* Foundation.framework in Frameworks */ = {isa = PBXBuildFile; fileRef = D8D00D13153825BF000E4A7B /* Foundation.framework */; };
		D8D00D37153825BF000E4A7B /* StateTests.m in Sources */ = {isa = PBXBuildFile; fileRef = D8D00D36153825BF000E4A7B /* StateTests.m */; };
		D8D00D4415382796000E4A7B /* VYAppDelegate.m in Sources */ = {isa = PBXBuildFile; fileRef = D8D00D4315382796000E4A7B /* VYAppDelegate.m */; };
		D8D00D4A15382820000E4A7B /* VYStateView.m in Sources */ = {isa = PBXBuildFile; fileRef = D8D00D4915382820000E4A7B /* VYStateView.m */; };
		D8D00D5115383AA3000E4A7B /* VYStateViewController.m in Sources */ = {isa = PBXBuildFile; fileRef = D8D00D4F15383AA3000E4A7B /* VYStateViewController.m */; };
		D8D00D5215383AA3000E4A7B /* VYStateViewController.xib in Resources */ = {isa = PBXBuildFile; fileRef = D8D00D5015383AA3000E4A7B /* VYStateViewController.xib */; };
/* End PBXBuildFile section */

/* Begin PBXContainerItemProxy section */
		D8D00D2D153825BF000E4A7B /* PBXContainerItemProxy */ = {
			isa = PBXContainerItemProxy;
			containerPortal = D8D00D04153825BF000E4A7B /* Project object */;
			proxyType = 1;
			remoteGlobalIDString = D8D00D0C153825BF000E4A7B;
			remoteInfo = State;
		};
/* End PBXContainerItemProxy section */

/* Begin PBXFileReference section */
		D8D00D0D153825BF000E4A7B /* State.app */ = {isa = PBXFileReference; explicitFileType = wrapper.application; includeInIndex = 0; path = State.app; sourceTree = BUILT_PRODUCTS_DIR; };
		D8D00D11153825BF000E4A7B /* UIKit.framework */ = {isa = PBXFileReference; lastKnownFileType = wrapper.framework; name = UIKit.framework; path = System/Library/Frameworks/UIKit.framework; sourceTree = SDKROOT; };
		D8D00D13153825BF000E4A7B /* Foundation.framework */ = {isa = PBXFileReference; lastKnownFileType = wrapper.framework; name = Foundation.framework; path = System/Library/Frameworks/Foundation.framework; sourceTree = SDKROOT; };
		D8D00D15153825BF000E4A7B /* CoreGraphics.framework */ = {isa = PBXFileReference; lastKnownFileType = wrapper.framework; name = CoreGraphics.framework; path = System/Library/Frameworks/CoreGraphics.framework; sourceTree = SDKROOT; };
		D8D00D19153825BF000E4A7B /* State-Info.plist */ = {isa = PBXFileReference; lastKnownFileType = text.plist.xml; path = "State-Info.plist"; sourceTree = "<group>"; };
		D8D00D1D153825BF000E4A7B /* main.m */ = {isa = PBXFileReference; lastKnownFileType = sourcecode.c.objc; path = main.m; sourceTree = "<group>"; };
		D8D00D1F153825BF000E4A7B /* State-Prefix.pch */ = {isa = PBXFileReference; lastKnownFileType = sourcecode.c.h; path = "State-Prefix.pch"; sourceTree = "<group>"; };
		D8D00D28153825BF000E4A7B /* StateTests.octest */ = {isa = PBXFileReference; explicitFileType = wrapper.cfbundle; includeInIndex = 0; path = StateTests.octest; sourceTree = BUILT_PRODUCTS_DIR; };
		D8D00D29153825BF000E4A7B /* SenTestingKit.framework */ = {isa = PBXFileReference; lastKnownFileType = wrapper.framework; name = SenTestingKit.framework; path = Library/Frameworks/SenTestingKit.framework; sourceTree = DEVELOPER_DIR; };
		D8D00D31153825BF000E4A7B /* StateTests-Info.plist */ = {isa = PBXFileReference; lastKnownFileType = text.plist.xml; path = "StateTests-Info.plist"; sourceTree = "<group>"; };
		D8D00D35153825BF000E4A7B /* StateTests.h */ = {isa = PBXFileReference; lastKnownFileType = sourcecode.c.h; path = StateTests.h; sourceTree = "<group>"; };
		D8D00D36153825BF000E4A7B /* StateTests.m */ = {isa = PBXFileReference; lastKnownFileType = sourcecode.c.objc; path = StateTests.m; sourceTree = "<group>"; };
		D8D00D4215382796000E4A7B /* VYAppDelegate.h */ = {isa = PBXFileReference; fileEncoding = 4; lastKnownFileType = sourcecode.c.h; path = VYAppDelegate.h; sourceTree = "<group>"; };
		D8D00D4315382796000E4A7B /* VYAppDelegate.m */ = {isa = PBXFileReference; fileEncoding = 4; lastKnownFileType = sourcecode.c.objc; path = VYAppDelegate.m; sourceTree = "<group>"; };
		D8D00D4815382820000E4A7B /* VYStateView.h */ = {isa = PBXFileReference; fileEncoding = 4; lastKnownFileType = sourcecode.c.h; name = VYStateView.h; path = StateView/VYStateView.h; sourceTree = "<group>"; };
		D8D00D4915382820000E4A7B /* VYStateView.m */ = {isa = PBXFileReference; fileEncoding = 4; lastKnownFileType = sourcecode.c.objc; name = VYStateView.m; path = StateView/VYStateView.m; sourceTree = "<group>"; };
		D8D00D4E15383AA3000E4A7B /* VYStateViewController.h */ = {isa = PBXFileReference; fileEncoding = 4; lastKnownFileType = sourcecode.c.h; name = VYStateViewController.h; path = StateViewController/VYStateViewController.h; sourceTree = "<group>"; };
		D8D00D4F15383AA3000E4A7B /* VYStateViewController.m */ = {isa = PBXFileReference; fileEncoding = 4; lastKnownFileType = sourcecode.c.objc; name = VYStateViewController.m; path = StateViewController/VYStateViewController.m; sourceTree = "<group>"; };
		D8D00D5015383AA3000E4A7B /* VYStateViewController.xib */ = {isa = PBXFileReference; fileEncoding = 4; lastKnownFileType = file.xib; name = VYStateViewController.xib; path = StateViewController/VYStateViewController.xib; sourceTree = "<group>"; };
/* End PBXFileReference section */

/* Begin PBXFrameworksBuildPhase section */
		D8D00D0A153825BF000E4A7B /* Frameworks */ = {
			isa = PBXFrameworksBuildPhase;
			buildActionMask = 2147483647;
			files = (
				D8D00D12153825BF000E4A7B /* UIKit.framework in Frameworks */,
				D8D00D14153825BF000E4A7B /* Foundation.framework in Frameworks */,
				D8D00D16153825BF000E4A7B /* CoreGraphics.framework in Frameworks */,
			);
			runOnlyForDeploymentPostprocessing = 0;
		};
		D8D00D24153825BF000E4A7B /* Frameworks */ = {
			isa = PBXFrameworksBuildPhase;
			buildActionMask = 2147483647;
			files = (
				D8D00D2A153825BF000E4A7B /* SenTestingKit.framework in Frameworks */,
				D8D00D2B153825BF000E4A7B /* UIKit.framework in Frameworks */,
				D8D00D2C153825BF000E4A7B /* Foundation.framework in Frameworks */,
			);
			runOnlyForDeploymentPostprocessing = 0;
		};
/* End PBXFrameworksBuildPhase section */

/* Begin PBXGroup section */
		D8D00D02153825BF000E4A7B = {
			isa = PBXGroup;
			children = (
				D8D00D17153825BF000E4A7B /* State */,
				D8D00D2F153825BF000E4A7B /* StateTests */,
				D8D00D10153825BF000E4A7B /* Frameworks */,
				D8D00D0E153825BF000E4A7B /* Products */,
			);
			sourceTree = "<group>";
		};
		D8D00D0E153825BF000E4A7B /* Products */ = {
			isa = PBXGroup;
			children = (
				D8D00D0D153825BF000E4A7B /* State.app */,
				D8D00D28153825BF000E4A7B /* StateTests.octest */,
			);
			name = Products;
			sourceTree = "<group>";
		};
		D8D00D10153825BF000E4A7B /* Frameworks */ = {
			isa = PBXGroup;
			children = (
				D8D00D11153825BF000E4A7B /* UIKit.framework */,
				D8D00D13153825BF000E4A7B /* Foundation.framework */,
				D8D00D15153825BF000E4A7B /* CoreGraphics.framework */,
				D8D00D29153825BF000E4A7B /* SenTestingKit.framework */,
			);
			name = Frameworks;
			sourceTree = "<group>";
		};
		D8D00D17153825BF000E4A7B /* State */ = {
			isa = PBXGroup;
			children = (
				D8D00D4015382763000E4A7B /* Sources */,
				D8D00D18153825BF000E4A7B /* Supporting Files */,
			);
			path = State;
			sourceTree = "<group>";
		};
		D8D00D18153825BF000E4A7B /* Supporting Files */ = {
			isa = PBXGroup;
			children = (
				D8D00D19153825BF000E4A7B /* State-Info.plist */,
				D8D00D1D153825BF000E4A7B /* main.m */,
				D8D00D1F153825BF000E4A7B /* State-Prefix.pch */,
			);
			name = "Supporting Files";
			sourceTree = "<group>";
		};
		D8D00D2F153825BF000E4A7B /* StateTests */ = {
			isa = PBXGroup;
			children = (
				D8D00D35153825BF000E4A7B /* StateTests.h */,
				D8D00D36153825BF000E4A7B /* StateTests.m */,
				D8D00D30153825BF000E4A7B /* Supporting Files */,
			);
			path = StateTests;
			sourceTree = "<group>";
		};
		D8D00D30153825BF000E4A7B /* Supporting Files */ = {
			isa = PBXGroup;
			children = (
				D8D00D31153825BF000E4A7B /* StateTests-Info.plist */,
			);
			name = "Supporting Files";
			sourceTree = "<group>";
		};
		D8D00D4015382763000E4A7B /* Sources */ = {
			isa = PBXGroup;
			children = (
				D8D00D4115382796000E4A7B /* AppDelegate */,
				D8D00D46153827F1000E4A7B /* StateView */,
				D8D00D47153827FD000E4A7B /* StateViewController */,
			);
			path = Sources;
			sourceTree = "<group>";
		};
		D8D00D4115382796000E4A7B /* AppDelegate */ = {
			isa = PBXGroup;
			children = (
				D8D00D4215382796000E4A7B /* VYAppDelegate.h */,
				D8D00D4315382796000E4A7B /* VYAppDelegate.m */,
			);
			path = AppDelegate;
			sourceTree = "<group>";
		};
		D8D00D46153827F1000E4A7B /* StateView */ = {
			isa = PBXGroup;
			children = (
				D8D00D4815382820000E4A7B /* VYStateView.h */,
				D8D00D4915382820000E4A7B /* VYStateView.m */,
			);
			name = StateView;
			sourceTree = "<group>";
		};
		D8D00D47153827FD000E4A7B /* StateViewController */ = {
			isa = PBXGroup;
			children = (
				D8D00D4E15383AA3000E4A7B /* VYStateViewController.h */,
				D8D00D4F15383AA3000E4A7B /* VYStateViewController.m */,
				D8D00D5015383AA3000E4A7B /* VYStateViewController.xib */,
			);
			name = StateViewController;
			sourceTree = "<group>";
		};
/* End PBXGroup section */

/* Begin PBXNativeTarget section */
		D8D00D0C153825BF000E4A7B /* State */ = {
			isa = PBXNativeTarget;
			buildConfigurationList = D8D00D3A153825BF000E4A7B /* Build configuration list for PBXNativeTarget "State" */;
			buildPhases = (
				D8D00D09153825BF000E4A7B /* Sources */,
				D8D00D0A153825BF000E4A7B /* Frameworks */,
				D8D00D0B153825BF000E4A7B /* Resources */,
			);
			buildRules = (
			);
			dependencies = (
			);
			name = State;
			productName = State;
			productReference = D8D00D0D153825BF000E4A7B /* State.app */;
			productType = "com.apple.product-type.application";
		};
		D8D00D27153825BF000E4A7B /* StateTests */ = {
			isa = PBXNativeTarget;
			buildConfigurationList = D8D00D3D153825BF000E4A7B /* Build configuration list for PBXNativeTarget "StateTests" */;
			buildPhases = (
				D8D00D23153825BF000E4A7B /* Sources */,
				D8D00D24153825BF000E4A7B /* Frameworks */,
				D8D00D25153825BF000E4A7B /* Resources */,
				D8D00D26153825BF000E4A7B /* ShellScript */,
			);
			buildRules = (
			);
			dependencies = (
				D8D00D2E153825BF000E4A7B /* PBXTargetDependency */,
			);
			name = StateTests;
			productName = StateTests;
			productReference = D8D00D28153825BF000E4A7B /* StateTests.octest */;
			productType = "com.apple.product-type.bundle";
		};
/* End PBXNativeTarget section */

/* Begin PBXProject section */
		D8D00D04153825BF000E4A7B /* Project object */ = {
			isa = PBXProject;
			attributes = {
				CLASSPREFIX = VY;
				LastUpgradeCheck = 0430;
				ORGANIZATIONNAME = "Vitaly Yurchenko";
			};
			buildConfigurationList = D8D00D07153825BF000E4A7B /* Build configuration list for PBXProject "State" */;
			compatibilityVersion = "Xcode 3.2";
			developmentRegion = English;
			hasScannedForEncodings = 0;
			knownRegions = (
				en,
			);
			mainGroup = D8D00D02153825BF000E4A7B;
			productRefGroup = D8D00D0E153825BF000E4A7B /* Products */;
			projectDirPath = "";
			projectRoot = "";
			targets = (
				D8D00D0C153825BF000E4A7B /* State */,
				D8D00D27153825BF000E4A7B /* StateTests */,
			);
		};
/* End PBXProject section */

/* Begin PBXResourcesBuildPhase section */
		D8D00D0B153825BF000E4A7B /* Resources */ = {
			isa = PBXResourcesBuildPhase;
			buildActionMask = 2147483647;
			files = (
				D8D00D5215383AA3000E4A7B /* VYStateViewController.xib in Resources */,
			);
			runOnlyForDeploymentPostprocessing = 0;
		};
		D8D00D25153825BF000E4A7B /* Resources */ = {
			isa = PBXResourcesBuildPhase;
			buildActionMask = 2147483647;
			files = (
			);
			runOnlyForDeploymentPostprocessing = 0;
		};
/* End PBXResourcesBuildPhase section */

/* Begin PBXShellScriptBuildPhase section */
		D8D00D26153825BF000E4A7B /* ShellScript */ = {
			isa = PBXShellScriptBuildPhase;
			buildActionMask = 2147483647;
			files = (
			);
			inputPaths = (
			);
			outputPaths = (
			);
			runOnlyForDeploymentPostprocessing = 0;
			shellPath = /bin/sh;
			shellScript = "# Run the unit tests in this test bundle.\n\"${SYSTEM_DEVELOPER_DIR}/Tools/RunUnitTests\"\n";
		};
/* End PBXShellScriptBuildPhase section */

/* Begin PBXSourcesBuildPhase section */
		D8D00D09153825BF000E4A7B /* Sources */ = {
			isa = PBXSourcesBuildPhase;
			buildActionMask = 2147483647;
			files = (
				D8D00D1E153825BF000E4A7B /* main.m in Sources */,
				D8D00D4415382796000E4A7B /* VYAppDelegate.m in Sources */,
				D8D00D4A15382820000E4A7B /* VYStateView.m in Sources */,
				D8D00D5115383AA3000E4A7B /* VYStateViewController.m in Sources */,
			);
			runOnlyForDeploymentPostprocessing = 0;
		};
		D8D00D23153825BF000E4A7B /* Sources */ = {
			isa = PBXSourcesBuildPhase;
			buildActionMask = 2147483647;
			files = (
				D8D00D37153825BF000E4A7B /* StateTests.m in Sources */,
			);
			runOnlyForDeploymentPostprocessing = 0;
		};
/* End PBXSourcesBuildPhase section */

/* Begin PBXTargetDependency section */
		D8D00D2E153825BF000E4A7B /* PBXTargetDependency */ = {
			isa = PBXTargetDependency;
			target = D8D00D0C153825BF000E4A7B /* State */;
			targetProxy = D8D00D2D153825BF000E4A7B /* PBXContainerItemProxy */;
		};
/* End PBXTargetDependency section */

/* Begin XCBuildConfiguration section */
		D8D00D38153825BF000E4A7B /* Debug */ = {
			isa = XCBuildConfiguration;
			buildSettings = {
				ALWAYS_SEARCH_USER_PATHS = NO;
				ARCHS = "$(ARCHS_STANDARD_32_BIT)";
				CLANG_ENABLE_OBJC_ARC = YES;
				"CODE_SIGN_IDENTITY[sdk=iphoneos*]" = "iPhone Developer";
				COPY_PHASE_STRIP = NO;
				GCC_C_LANGUAGE_STANDARD = gnu99;
				GCC_DYNAMIC_NO_PIC = NO;
				GCC_OPTIMIZATION_LEVEL = 0;
				GCC_PREPROCESSOR_DEFINITIONS = (
					"DEBUG=1",
					"$(inherited)",
				);
				GCC_SYMBOLS_PRIVATE_EXTERN = NO;
				GCC_VERSION = com.apple.compilers.llvm.clang.1_0;
				GCC_WARN_ABOUT_RETURN_TYPE = YES;
				GCC_WARN_UNINITIALIZED_AUTOS = YES;
				GCC_WARN_UNUSED_VARIABLE = YES;
				IPHONEOS_DEPLOYMENT_TARGET = 5.1;
				SDKROOT = iphoneos;
			};
			name = Debug;
		};
		D8D00D39153825BF000E4A7B /* Release */ = {
			isa = XCBuildConfiguration;
			buildSettings = {
				ALWAYS_SEARCH_USER_PATHS = NO;
				ARCHS = "$(ARCHS_STANDARD_32_BIT)";
				CLANG_ENABLE_OBJC_ARC = YES;
				"CODE_SIGN_IDENTITY[sdk=iphoneos*]" = "iPhone Developer";
				COPY_PHASE_STRIP = YES;
				GCC_C_LANGUAGE_STANDARD = gnu99;
				GCC_VERSION = com.apple.compilers.llvm.clang.1_0;
				GCC_WARN_ABOUT_RETURN_TYPE = YES;
				GCC_WARN_UNINITIALIZED_AUTOS = YES;
				GCC_WARN_UNUSED_VARIABLE = YES;
				IPHONEOS_DEPLOYMENT_TARGET = 5.1;
				OTHER_CFLAGS = "-DNS_BLOCK_ASSERTIONS=1";
				SDKROOT = iphoneos;
				VALIDATE_PRODUCT = YES;
			};
			name = Release;
		};
		D8D00D3B153825BF000E4A7B /* Debug */ = {
			isa = XCBuildConfiguration;
			buildSettings = {
				GCC_PRECOMPILE_PREFIX_HEADER = YES;
				GCC_PREFIX_HEADER = "State/State-Prefix.pch";
				INFOPLIST_FILE = "State/State-Info.plist";
				PRODUCT_NAME = "$(TARGET_NAME)";
				WRAPPER_EXTENSION = app;
			};
			name = Debug;
		};
		D8D00D3C153825BF000E4A7B /* Release */ = {
			isa = XCBuildConfiguration;
			buildSettings = {
				GCC_PRECOMPILE_PREFIX_HEADER = YES;
				GCC_PREFIX_HEADER = "State/State-Prefix.pch";
				INFOPLIST_FILE = "State/State-Info.plist";
				PRODUCT_NAME = "$(TARGET_NAME)";
				WRAPPER_EXTENSION = app;
			};
			name = Release;
		};
		D8D00D3E153825BF000E4A7B /* Debug */ = {
			isa = XCBuildConfiguration;
			buildSettings = {
				BUNDLE_LOADER = "$(BUILT_PRODUCTS_DIR)/State.app/State";
				FRAMEWORK_SEARCH_PATHS = (
					"$(SDKROOT)/Developer/Library/Frameworks",
					"$(DEVELOPER_LIBRARY_DIR)/Frameworks",
				);
				GCC_PRECOMPILE_PREFIX_HEADER = YES;
				GCC_PREFIX_HEADER = "State/State-Prefix.pch";
				INFOPLIST_FILE = "StateTests/StateTests-Info.plist";
				PRODUCT_NAME = "$(TARGET_NAME)";
				TEST_HOST = "$(BUNDLE_LOADER)";
				WRAPPER_EXTENSION = octest;
			};
			name = Debug;
		};
		D8D00D3F153825BF000E4A7B /* Release */ = {
			isa = XCBuildConfiguration;
			buildSettings = {
				BUNDLE_LOADER = "$(BUILT_PRODUCTS_DIR)/State.app/State";
				FRAMEWORK_SEARCH_PATHS = (
					"$(SDKROOT)/Developer/Library/Frameworks",
					"$(DEVELOPER_LIBRARY_DIR)/Frameworks",
				);
				GCC_PRECOMPILE_PREFIX_HEADER = YES;
				GCC_PREFIX_HEADER = "State/State-Prefix.pch";
				INFOPLIST_FILE = "StateTests/StateTests-Info.plist";
				PRODUCT_NAME = "$(TARGET_NAME)";
				TEST_HOST = "$(BUNDLE_LOADER)";
				WRAPPER_EXTENSION = octest;
			};
			name = Release;
		};
/* End XCBuildConfiguration section */

/* Begin XCConfigurationList section */
		D8D00D07153825BF000E4A7B /* Build configuration list for PBXProject "State" */ = {
			isa = XCConfigurationList;
			buildConfigurations = (
				D8D00D38153825BF000E4A7B /* Debug */,
				D8D00D39153825BF000E4A7B /* Release */,
			);
			defaultConfigurationIsVisible = 0;
			defaultConfigurationName = Release;
		};
		D8D00D3A153825BF000E4A7B /* Build configuration list for PBXNativeTarget "State" */ = {
			isa = XCConfigurationList;
			buildConfigurations = (
				D8D00D3B153825BF000E4A7B /* Debug */,
				D8D00D3C153825BF000E4A7B /* Release */,
			);
			defaultConfigurationIsVisible = 0;
		};
		D8D00D3D153825BF000E4A7B /* Build configuration list for PBXNativeTarget "StateTests" */ = {
			isa = XCConfigurationList;
			buildConfigurations = (
				D8D00D3E153825BF000E4A7B /* Debug */,
				D8D00D3F153825BF000E4A7B /* Release */,
			);
			defaultConfigurationIsVisible = 0;
		};
/* End XCConfigurationList section */
	};
	rootObject = D8D00D04153825BF000E4A7B /* Project object */;
}
